
Microsoft Visual Studio Solution File, Format Version 12.00
# Visual Studio Version 16
VisualStudioVersion = 16.0.31019.35
MinimumVisualStudioVersion = 10.0.40219.1
Project("{8BC9CEB8-8B4A-11D0-8D11-00A0C91BC942}") = "Win32GameEngine", "Win32GameEngine\Win32GameEngine.vcxproj", "{611BCB85-8789-421B-93D9-385FAF6BF238}"
EndProject
Project("{8BC9CEB8-8B4A-11D0-8D11-00A0C91BC942}") = "SampleProject", "SampleProject\SampleProject.vcxproj", "{AD5687BD-8FD7-4534-92C6-C1B465DF1F02}"
	ProjectSection(ProjectDependencies) = postProject
		{611BCB85-8789-421B-93D9-385FAF6BF238} = {611BCB85-8789-421B-93D9-385FAF6BF238}
	EndProjectSection
EndProject
Project("{2150E333-8FDC-42A3-9474-1A3956D46DE8}") = "Solution Items", "Solution Items", "{D24D1CA3-AFF5-4CAD-BC8A-AA2FFA05A0CC}"
	ProjectSection(SolutionItems) = preProject
		README.md = README.md
	EndProjectSection
EndProject
Project("{2150E333-8FDC-42A3-9474-1A3956D46DE8}") = "Images", "Images", "{0F1673F9-90A0-4766-865E-B9F103EE3765}"
	ProjectSection(SolutionItems) = preProject
		Images\hello-world-screenshot.png = Images\hello-world-screenshot.png
	EndProjectSection
EndProject
Global
	GlobalSection(SolutionConfigurationPlatforms) = preSolution
		Debug|x64 = Debug|x64
		Debug|x86 = Debug|x86
		Release|x64 = Release|x64
		Release|x86 = Release|x86
	EndGlobalSection
	GlobalSection(ProjectConfigurationPlatforms) = postSolution
		{611BCB85-8789-421B-93D9-385FAF6BF238}.Debug|x64.ActiveCfg = Debug|x64
		{611BCB85-8789-421B-93D9-385FAF6BF238}.Debug|x64.Build.0 = Debug|x64
		{611BCB85-8789-421B-93D9-385FAF6BF238}.Debug|x86.ActiveCfg = Debug|Win32
		{611BCB85-8789-421B-93D9-385FAF6BF238}.Debug|x86.Build.0 = Debug|Win32
		{611BCB85-8789-421B-93D9-385FAF6BF238}.Release|x64.ActiveCfg = Release|x64
		{611BCB85-8789-421B-93D9-385FAF6BF238}.Release|x64.Build.0 = Release|x64
		{611BCB85-8789-421B-93D9-385FAF6BF238}.Release|x86.ActiveCfg = Release|Win32
		{611BCB85-8789-421B-93D9-385FAF6BF238}.Release|x86.Build.0 = Release|Win32
		{AD5687BD-8FD7-4534-92C6-C1B465DF1F02}.Debug|x64.ActiveCfg = Debug|x64
		{AD5687BD-8FD7-4534-92C6-C1B465DF1F02}.Debug|x64.Build.0 = Debug|x64
		{AD5687BD-8FD7-4534-92C6-C1B465DF1F02}.Debug|x86.ActiveCfg = Debug|Win32
		{AD5687BD-8FD7-4534-92C6-C1B465DF1F02}.Debug|x86.Build.0 = Debug|Win32
		{AD5687BD-8FD7-4534-92C6-C1B465DF1F02}.Release|x64.ActiveCfg = Release|x64
		{AD5687BD-8FD7-4534-92C6-C1B465DF1F02}.Release|x64.Build.0 = Release|x64
		{AD5687BD-8FD7-4534-92C6-C1B465DF1F02}.Release|x86.ActiveCfg = Release|Win32
		{AD5687BD-8FD7-4534-92C6-C1B465DF1F02}.Release|x86.Build.0 = Release|Win32
	EndGlobalSection
	GlobalSection(SolutionProperties) = preSolution
		HideSolutionNode = FALSE
	EndGlobalSection
	GlobalSection(NestedProjects) = preSolution
		{0F1673F9-90A0-4766-865E-B9F103EE3765} = {D24D1CA3-AFF5-4CAD-BC8A-AA2FFA05A0CC}
	EndGlobalSection
	GlobalSection(ExtensibilityGlobals) = postSolution
		SolutionGuid = {AA9FBC0A-8CF8-417F-A43D-6FCE1A0F0DB3}
	EndGlobalSection
EndGlobal
